
Microsoft Visual Studio Solution File, Format Version 12.00
# Visual Studio 2017
Project("{FAE04EC0-301F-11D3-BF4B-00C04F79EFBC}") = "BaxterReality.Plugins", "BaxterReality.Plugins.csproj", "{2493CBE7-936F-5EAE-BA7F-337F7A19B7D0}"
EndProject
Project("{FAE04EC0-301F-11D3-BF4B-00C04F79EFBC}") = "BaxterReality", "BaxterReality.csproj", "{6D303AB1-CDF0-92CB-E2EF-550AEC31CB42}"
EndProject
Project("{FAE04EC0-301F-11D3-BF4B-00C04F79EFBC}") = "BaxterReality.Editor", "BaxterReality.Editor.csproj", "{C9E86971-FB60-C8AF-DA7E-7385D3108E14}"
EndProject
Project("{FAE04EC0-301F-11D3-BF4B-00C04F79EFBC}") = "BaxterReality.Editor.Plugins", "BaxterReality.Editor.Plugins.csproj", "{F6B495BA-29EF-B8BC-C37C-5F399219518A}"
EndProject
Global
	GlobalSection(SolutionConfigurationPlatforms) = preSolution
		Debug|Any CPU = Debug|Any CPU
		Release|Any CPU = Release|Any CPU
	EndGlobalSection
	GlobalSection(ProjectConfigurationPlatforms) = postSolution
		{2493CBE7-936F-5EAE-BA7F-337F7A19B7D0}.Debug|Any CPU.ActiveCfg = Debug|Any CPU
		{2493CBE7-936F-5EAE-BA7F-337F7A19B7D0}.Debug|Any CPU.Build.0 = Debug|Any CPU
		{2493CBE7-936F-5EAE-BA7F-337F7A19B7D0}.Release|Any CPU.ActiveCfg = Release|Any CPU
		{2493CBE7-936F-5EAE-BA7F-337F7A19B7D0}.Release|Any CPU.Build.0 = Release|Any CPU
		{6D303AB1-CDF0-92CB-E2EF-550AEC31CB42}.Debug|Any CPU.ActiveCfg = Debug|Any CPU
		{6D303AB1-CDF0-92CB-E2EF-550AEC31CB42}.Debug|Any CPU.Build.0 = Debug|Any CPU
		{6D303AB1-CDF0-92CB-E2EF-550AEC31CB42}.Release|Any CPU.ActiveCfg = Release|Any CPU
		{6D303AB1-CDF0-92CB-E2EF-550AEC31CB42}.Release|Any CPU.Build.0 = Release|Any CPU
		{C9E86971-FB60-C8AF-DA7E-7385D3108E14}.Debug|Any CPU.ActiveCfg = Debug|Any CPU
		{C9E86971-FB60-C8AF-DA7E-7385D3108E14}.Debug|Any CPU.Build.0 = Debug|Any CPU
		{C9E86971-FB60-C8AF-DA7E-7385D3108E14}.Release|Any CPU.ActiveCfg = Release|Any CPU
		{C9E86971-FB60-C8AF-DA7E-7385D3108E14}.Release|Any CPU.Build.0 = Release|Any CPU
		{F6B495BA-29EF-B8BC-C37C-5F399219518A}.Debug|Any CPU.ActiveCfg = Debug|Any CPU
		{F6B495BA-29EF-B8BC-C37C-5F399219518A}.Debug|Any CPU.Build.0 = Debug|Any CPU
		{F6B495BA-29EF-B8BC-C37C-5F399219518A}.Release|Any CPU.ActiveCfg = Release|Any CPU
		{F6B495BA-29EF-B8BC-C37C-5F399219518A}.Release|Any CPU.Build.0 = Release|Any CPU
	EndGlobalSection
	GlobalSection(SolutionProperties) = preSolution
		HideSolutionNode = FALSE
	EndGlobalSection
EndGlobal
